
Microsoft Visual Studio Solution File, Format Version 12.00
# Visual Studio Version 16
VisualStudioVersion = 16.0.30104.148
MinimumVisualStudioVersion = 10.0.40219.1
Project("{2150E333-8FDC-42A3-9474-1A3956D46DE8}") = "01.需求", "01.需求", "{EEEEB8EB-7987-4DF4-A622-3694B94EEA83}"
EndProject
Project("{2150E333-8FDC-42A3-9474-1A3956D46DE8}") = "02.设计", "02.设计", "{F236C835-827A-4A3D-A9FC-B7AA6B1879D4}"
EndProject
Project("{2150E333-8FDC-42A3-9474-1A3956D46DE8}") = "03.开发", "03.开发", "{28169A22-D2F2-46A9-A860-D2036049420B}"
EndProject
Project("{2150E333-8FDC-42A3-9474-1A3956D46DE8}") = "04.设计", "04.设计", "{C41552AC-11E0-45D9-8C16-F02650512702}"
EndProject
Project("{2150E333-8FDC-42A3-9474-1A3956D46DE8}") = "01.基础平台", "01.基础平台", "{265C09BA-9BB2-4B0A-9932-73889F312434}"
EndProject
Project("{2150E333-8FDC-42A3-9474-1A3956D46DE8}") = "02.数据逻辑层", "02.数据逻辑层", "{3A80DB93-E6FC-480D-B7ED-AAE9B22054C0}"
EndProject
Project("{2150E333-8FDC-42A3-9474-1A3956D46DE8}") = "03.业务层", "03.业务层", "{9C0A023C-E484-4E66-9CBF-8D6D5DE1D322}"
EndProject
Project("{2150E333-8FDC-42A3-9474-1A3956D46DE8}") = "04.应用层", "04.应用层", "{DD3157EA-85D0-4BCE-BF4B-47C11FE37B69}"
EndProject
Project("{9A19103F-16F7-4668-BE54-9A1E7A4F7556}") = "JW.Base", "03.开发\01.基础平台\JW.Base\JW.Base.csproj", "{3B459FDE-3E85-45A6-A1F5-CABF8F11BDBD}"
EndProject
Project("{9A19103F-16F7-4668-BE54-9A1E7A4F7556}") = "JW.Base.Qiniuyun", "03.开发\01.基础平台\JW.Base.Qiniu\JW.Base.Qiniuyun.csproj", "{34BDF39B-A51C-4925-B2DE-31CA85C3AA49}"
EndProject
Project("{9A19103F-16F7-4668-BE54-9A1E7A4F7556}") = "JW.Data.Dal", "03.开发\02.数据逻辑层\JW.Data.Dal\JW.Data.Dal.csproj", "{78AD40BD-177D-4F03-AFDD-B574E1D83CDB}"
EndProject
Project("{9A19103F-16F7-4668-BE54-9A1E7A4F7556}") = "JW.Data.Entity", "03.开发\02.数据逻辑层\JW.Data.Entity\JW.Data.Entity.csproj", "{1B6CDBBD-1BFC-4745-B870-39CF8AA07F68}"
EndProject
Project("{9A19103F-16F7-4668-BE54-9A1E7A4F7556}") = "Admin", "03.开发\4.应用层\Admin\Admin.csproj", "{BF6CE3D8-1769-4D84-807C-CCBCA706412E}"
EndProject
Project("{9A19103F-16F7-4668-BE54-9A1E7A4F7556}") = "JW.Buss.BLL", "03.开发\3.业务层\JW.Buss.BLL\JW.Buss.BLL.csproj", "{BCBECC94-9793-4CC6-B769-C5B5C9F6D09D}"
EndProject
Project("{FAE04EC0-301F-11D3-BF4B-00C04F79EFBC}") = "Api", "03.开发\4.应用层\Api\Api.csproj", "{915387F6-BEE2-4CB1-956F-D07E24296DBE}"
EndProject
Global
	GlobalSection(SolutionConfigurationPlatforms) = preSolution
		Debug|Any CPU = Debug|Any CPU
		Release|Any CPU = Release|Any CPU
	EndGlobalSection
	GlobalSection(ProjectConfigurationPlatforms) = postSolution
		{3B459FDE-3E85-45A6-A1F5-CABF8F11BDBD}.Debug|Any CPU.ActiveCfg = Debug|Any CPU
		{3B459FDE-3E85-45A6-A1F5-CABF8F11BDBD}.Debug|Any CPU.Build.0 = Debug|Any CPU
		{3B459FDE-3E85-45A6-A1F5-CABF8F11BDBD}.Release|Any CPU.ActiveCfg = Release|Any CPU
		{3B459FDE-3E85-45A6-A1F5-CABF8F11BDBD}.Release|Any CPU.Build.0 = Release|Any CPU
		{34BDF39B-A51C-4925-B2DE-31CA85C3AA49}.Debug|Any CPU.ActiveCfg = Debug|Any CPU
		{34BDF39B-A51C-4925-B2DE-31CA85C3AA49}.Debug|Any CPU.Build.0 = Debug|Any CPU
		{34BDF39B-A51C-4925-B2DE-31CA85C3AA49}.Release|Any CPU.ActiveCfg = Release|Any CPU
		{34BDF39B-A51C-4925-B2DE-31CA85C3AA49}.Release|Any CPU.Build.0 = Release|Any CPU
		{78AD40BD-177D-4F03-AFDD-B574E1D83CDB}.Debug|Any CPU.ActiveCfg = Debug|Any CPU
		{78AD40BD-177D-4F03-AFDD-B574E1D83CDB}.Debug|Any CPU.Build.0 = Debug|Any CPU
		{78AD40BD-177D-4F03-AFDD-B574E1D83CDB}.Release|Any CPU.ActiveCfg = Release|Any CPU
		{78AD40BD-177D-4F03-AFDD-B574E1D83CDB}.Release|Any CPU.Build.0 = Release|Any CPU
		{1B6CDBBD-1BFC-4745-B870-39CF8AA07F68}.Debug|Any CPU.ActiveCfg = Debug|Any CPU
		{1B6CDBBD-1BFC-4745-B870-39CF8AA07F68}.Debug|Any CPU.Build.0 = Debug|Any CPU
		{1B6CDBBD-1BFC-4745-B870-39CF8AA07F68}.Release|Any CPU.ActiveCfg = Release|Any CPU
		{1B6CDBBD-1BFC-4745-B870-39CF8AA07F68}.Release|Any CPU.Build.0 = Release|Any CPU
		{BF6CE3D8-1769-4D84-807C-CCBCA706412E}.Debug|Any CPU.ActiveCfg = Debug|Any CPU
		{BF6CE3D8-1769-4D84-807C-CCBCA706412E}.Debug|Any CPU.Build.0 = Debug|Any CPU
		{BF6CE3D8-1769-4D84-807C-CCBCA706412E}.Release|Any CPU.ActiveCfg = Release|Any CPU
		{BF6CE3D8-1769-4D84-807C-CCBCA706412E}.Release|Any CPU.Build.0 = Release|Any CPU
		{BCBECC94-9793-4CC6-B769-C5B5C9F6D09D}.Debug|Any CPU.ActiveCfg = Debug|Any CPU
		{BCBECC94-9793-4CC6-B769-C5B5C9F6D09D}.Debug|Any CPU.Build.0 = Debug|Any CPU
		{BCBECC94-9793-4CC6-B769-C5B5C9F6D09D}.Release|Any CPU.ActiveCfg = Release|Any CPU
		{BCBECC94-9793-4CC6-B769-C5B5C9F6D09D}.Release|Any CPU.Build.0 = Release|Any CPU
		{915387F6-BEE2-4CB1-956F-D07E24296DBE}.Debug|Any CPU.ActiveCfg = Debug|Any CPU
		{915387F6-BEE2-4CB1-956F-D07E24296DBE}.Debug|Any CPU.Build.0 = Debug|Any CPU
		{915387F6-BEE2-4CB1-956F-D07E24296DBE}.Release|Any CPU.ActiveCfg = Release|Any CPU
		{915387F6-BEE2-4CB1-956F-D07E24296DBE}.Release|Any CPU.Build.0 = Release|Any CPU
	EndGlobalSection
	GlobalSection(SolutionProperties) = preSolution
		HideSolutionNode = FALSE
	EndGlobalSection
	GlobalSection(NestedProjects) = preSolution
		{265C09BA-9BB2-4B0A-9932-73889F312434} = {28169A22-D2F2-46A9-A860-D2036049420B}
		{3A80DB93-E6FC-480D-B7ED-AAE9B22054C0} = {28169A22-D2F2-46A9-A860-D2036049420B}
		{9C0A023C-E484-4E66-9CBF-8D6D5DE1D322} = {28169A22-D2F2-46A9-A860-D2036049420B}
		{DD3157EA-85D0-4BCE-BF4B-47C11FE37B69} = {28169A22-D2F2-46A9-A860-D2036049420B}
		{3B459FDE-3E85-45A6-A1F5-CABF8F11BDBD} = {265C09BA-9BB2-4B0A-9932-73889F312434}
		{34BDF39B-A51C-4925-B2DE-31CA85C3AA49} = {265C09BA-9BB2-4B0A-9932-73889F312434}
		{78AD40BD-177D-4F03-AFDD-B574E1D83CDB} = {3A80DB93-E6FC-480D-B7ED-AAE9B22054C0}
		{1B6CDBBD-1BFC-4745-B870-39CF8AA07F68} = {3A80DB93-E6FC-480D-B7ED-AAE9B22054C0}
		{BF6CE3D8-1769-4D84-807C-CCBCA706412E} = {DD3157EA-85D0-4BCE-BF4B-47C11FE37B69}
		{BCBECC94-9793-4CC6-B769-C5B5C9F6D09D} = {9C0A023C-E484-4E66-9CBF-8D6D5DE1D322}
		{915387F6-BEE2-4CB1-956F-D07E24296DBE} = {DD3157EA-85D0-4BCE-BF4B-47C11FE37B69}
	EndGlobalSection
	GlobalSection(ExtensibilityGlobals) = postSolution
		SolutionGuid = {51A5EE6F-2B90-44C9-A4FC-7DBD945C18BF}
	EndGlobalSection
EndGlobal
